
Microsoft Visual Studio Solution File, Format Version 12.00
# Visual Studio 15
VisualStudioVersion = 15.0.28307.572
MinimumVisualStudioVersion = 10.0.40219.1
Project("{FAE04EC0-301F-11D3-BF4B-00C04F79EFBC}") = "ACWorkShop", "ACWorkShop\ACWorkShop.csproj", "{B6EB9686-7F43-43B5-B61C-8A6619822FB2}"
EndProject
Global
	GlobalSection(SolutionConfigurationPlatforms) = preSolution
		Debug|Any CPU = Debug|Any CPU
		Release|Any CPU = Release|Any CPU
	EndGlobalSection
	GlobalSection(ProjectConfigurationPlatforms) = postSolution
		{B6EB9686-7F43-43B5-B61C-8A6619822FB2}.Debug|Any CPU.ActiveCfg = Debug|Any CPU
		{B6EB9686-7F43-43B5-B61C-8A6619822FB2}.Debug|Any CPU.Build.0 = Debug|Any CPU
		{B6EB9686-7F43-43B5-B61C-8A6619822FB2}.Release|Any CPU.ActiveCfg = Release|Any CPU
		{B6EB9686-7F43-43B5-B61C-8A6619822FB2}.Release|Any CPU.Build.0 = Release|Any CPU
	EndGlobalSection
	GlobalSection(SolutionProperties) = preSolution
		HideSolutionNode = FALSE
	EndGlobalSection
	GlobalSection(ExtensibilityGlobals) = postSolution
		SolutionGuid = {45FC97B5-A3B8-40EA-8D5D-AC37353570F6}
	EndGlobalSection
EndGlobal
